cookbook 'wercker-develop', :git => 'git://github.com/hatchan/wercker-develop-cookbook.git', :ref => '838f35ddb7272134198ed74c39a8d7e0bb136c38'
cookbook 'nodeenv', :git => 'git://github.com/wercker/nodeenv-cookbook.git', :ref => '036ae6dfd63f43a60583339e6e9c49fa2fb37c0e'
cookbook 'apt', :locked_version => '1.8.4'
cookbook 'build-essential', :locked_version => '1.3.4'
cookbook 'python', :locked_version => '1.2.2'
cookbook 'mongodb-10gen', :locked_version => '0.1.7'
cookbook 'yum', :locked_version => '2.1.0'